
Microsoft Visual Studio Solution File, Format Version 12.00
# Visual Studio 2017
Project("{FAE04EC0-301F-11D3-BF4B-00C04F79EFBC}") = "proyecto-videojuego-movil-android-marcos-y-raul", "proyecto-videojuego-movil-android-marcos-y-raul.csproj", "{0F5B169E-5A58-0FD9-CDBA-223DBFDB6552}"
EndProject
Global
	GlobalSection(SolutionConfigurationPlatforms) = preSolution
		Debug|Any CPU = Debug|Any CPU
		Release|Any CPU = Release|Any CPU
	EndGlobalSection
	GlobalSection(ProjectConfigurationPlatforms) = postSolution
		{0F5B169E-5A58-0FD9-CDBA-223DBFDB6552}.Debug|Any CPU.ActiveCfg = Debug|Any CPU
		{0F5B169E-5A58-0FD9-CDBA-223DBFDB6552}.Debug|Any CPU.Build.0 = Debug|Any CPU
		{0F5B169E-5A58-0FD9-CDBA-223DBFDB6552}.Release|Any CPU.ActiveCfg = Release|Any CPU
		{0F5B169E-5A58-0FD9-CDBA-223DBFDB6552}.Release|Any CPU.Build.0 = Release|Any CPU
	EndGlobalSection
	GlobalSection(SolutionProperties) = preSolution
		HideSolutionNode = FALSE
	EndGlobalSection
EndGlobal
